
Microsoft Visual Studio Solution File, Format Version 11.00
# Visual Studio 2010
Project("{FAE04EC0-301F-11D3-BF4B-00C04F79EFBC}") = "RockNRole.Site", "RockNRole.Site\RockNRole.Site.csproj", "{7DF5E736-4028-4769-9F59-7B7AACBC08C8}"
EndProject
Project("{FAE04EC0-301F-11D3-BF4B-00C04F79EFBC}") = "RockNRole.Site.Tests", "RockNRole.Site.Tests\RockNRole.Site.Tests.csproj", "{EF348600-07A1-4766-9A45-0E2D1E945FAA}"
EndProject
Global
	GlobalSection(SolutionConfigurationPlatforms) = preSolution
		Debug|Any CPU = Debug|Any CPU
		Release|Any CPU = Release|Any CPU
	EndGlobalSection
	GlobalSection(ProjectConfigurationPlatforms) = postSolution
		{7DF5E736-4028-4769-9F59-7B7AACBC08C8}.Debug|Any CPU.ActiveCfg = Debug|Any CPU
		{7DF5E736-4028-4769-9F59-7B7AACBC08C8}.Debug|Any CPU.Build.0 = Debug|Any CPU
		{7DF5E736-4028-4769-9F59-7B7AACBC08C8}.Release|Any CPU.ActiveCfg = Release|Any CPU
		{7DF5E736-4028-4769-9F59-7B7AACBC08C8}.Release|Any CPU.Build.0 = Release|Any CPU
		{EF348600-07A1-4766-9A45-0E2D1E945FAA}.Debug|Any CPU.ActiveCfg = Debug|Any CPU
		{EF348600-07A1-4766-9A45-0E2D1E945FAA}.Debug|Any CPU.Build.0 = Debug|Any CPU
		{EF348600-07A1-4766-9A45-0E2D1E945FAA}.Release|Any CPU.ActiveCfg = Release|Any CPU
		{EF348600-07A1-4766-9A45-0E2D1E945FAA}.Release|Any CPU.Build.0 = Release|Any CPU
	EndGlobalSection
	GlobalSection(SolutionProperties) = preSolution
		HideSolutionNode = FALSE
	EndGlobalSection
EndGlobal
